{
  "name": "php-components",
  "version": "1.0.0",
  "lockfileVersion": 1,
  "requires": true,
  "dependencies": {
    "@bucky24/node-php": {
      "version": "0.6.8",
      "resolved": "https://registry.npmjs.org/@bucky24/node-php/-/node-php-0.6.8.tgz",
      "integrity": "sha512-WBY7+NvA6X+sGuWKqi1Cx+5ug6cjj0X4aI4WqOFYuNAb6yt70bUV0T0j5Ct1it/tNzTi3U1lq2B8pMciQC+aNg==",
      "dev": true
    }
  }
}
